
Microsoft Visual Studio Solution File, Format Version 12.00
# Visual Studio Version 17
VisualStudioVersion = 17.2.32516.85
MinimumVisualStudioVersion = 10.0.40219.1
Project("{9A19103F-16F7-4668-BE54-9A1E7A4F7556}") = "StringCalculator.Tests", "StringCalculatorKata\StringCalculator.Tests.csproj", "{F3EFD2BE-C864-43B3-B8BE-E9DDEEF3B6F4}"
EndProject
Project("{9A19103F-16F7-4668-BE54-9A1E7A4F7556}") = "StringCalculator", "StringCalculator\StringCalculator.csproj", "{5FA3D9D8-AE94-435E-8CBF-2B2AAE1492F9}"
EndProject
Global
	GlobalSection(SolutionConfigurationPlatforms) = preSolution
		Debug|Any CPU = Debug|Any CPU
		Release|Any CPU = Release|Any CPU
	EndGlobalSection
	GlobalSection(ProjectConfigurationPlatforms) = postSolution
		{F3EFD2BE-C864-43B3-B8BE-E9DDEEF3B6F4}.Debug|Any CPU.ActiveCfg = Debug|Any CPU
		{F3EFD2BE-C864-43B3-B8BE-E9DDEEF3B6F4}.Debug|Any CPU.Build.0 = Debug|Any CPU
		{F3EFD2BE-C864-43B3-B8BE-E9DDEEF3B6F4}.Release|Any CPU.ActiveCfg = Release|Any CPU
		{F3EFD2BE-C864-43B3-B8BE-E9DDEEF3B6F4}.Release|Any CPU.Build.0 = Release|Any CPU
		{5FA3D9D8-AE94-435E-8CBF-2B2AAE1492F9}.Debug|Any CPU.ActiveCfg = Debug|Any CPU
		{5FA3D9D8-AE94-435E-8CBF-2B2AAE1492F9}.Debug|Any CPU.Build.0 = Debug|Any CPU
		{5FA3D9D8-AE94-435E-8CBF-2B2AAE1492F9}.Release|Any CPU.ActiveCfg = Release|Any CPU
		{5FA3D9D8-AE94-435E-8CBF-2B2AAE1492F9}.Release|Any CPU.Build.0 = Release|Any CPU
	EndGlobalSection
	GlobalSection(SolutionProperties) = preSolution
		HideSolutionNode = FALSE
	EndGlobalSection
	GlobalSection(ExtensibilityGlobals) = postSolution
		SolutionGuid = {23FDC81D-A61F-43F2-B389-4527364FA6DF}
	EndGlobalSection
EndGlobal
